
Microsoft Visual Studio Solution File, Format Version 12.00
# Visual Studio Version 16
VisualStudioVersion = 16.0.29911.84
MinimumVisualStudioVersion = 10.0.40219.1
Project("{FAE04EC0-301F-11D3-BF4B-00C04F79EFBC}") = "StarForceSimulation", "StarForceSimulation\StarForceSimulation.csproj", "{AB350DA9-0B8A-4149-898D-775511B40EE0}"
EndProject
Global
	GlobalSection(SolutionConfigurationPlatforms) = preSolution
		Debug|Any CPU = Debug|Any CPU
		Release|Any CPU = Release|Any CPU
	EndGlobalSection
	GlobalSection(ProjectConfigurationPlatforms) = postSolution
		{AB350DA9-0B8A-4149-898D-775511B40EE0}.Debug|Any CPU.ActiveCfg = Debug|Any CPU
		{AB350DA9-0B8A-4149-898D-775511B40EE0}.Debug|Any CPU.Build.0 = Debug|Any CPU
		{AB350DA9-0B8A-4149-898D-775511B40EE0}.Release|Any CPU.ActiveCfg = Release|Any CPU
		{AB350DA9-0B8A-4149-898D-775511B40EE0}.Release|Any CPU.Build.0 = Release|Any CPU
	EndGlobalSection
	GlobalSection(SolutionProperties) = preSolution
		HideSolutionNode = FALSE
	EndGlobalSection
	GlobalSection(ExtensibilityGlobals) = postSolution
		SolutionGuid = {DE863C58-0AF1-465D-A9D9-D861E1822241}
	EndGlobalSection
EndGlobal
